// !$*UTF8*$!
{
	archiveVersion = 1;
	classes = {
	};
	objectVersion = 46;
	objects = {

/* Begin PBXBuildFile section */
		A950A3FC1D938A9D00A1BE8C /* main.m in Sources */ = {isa = PBXBuildFile; fileRef = A950A3FB1D938A9D00A1BE8C /* main.m */; };
		A950A3FF1D938A9D00A1BE8C /* AppDelegate.m in Sources */ = {isa = PBXBuildFile; fileRef = A950A3FE1D938A9D00A1BE8C /* AppDelegate.m */; };
		A950A4021D938A9D00A1BE8C /* ViewController.m in Sources */ = {isa = PBXBuildFile; fileRef = A950A4011D938A9D00A1BE8C /* ViewController.m */; };
		A950A4051D938A9D00A1BE8C /* Main.storyboard in Resources */ = {isa = PBXBuildFile; fileRef = A950A4031D938A9D00A1BE8C /* Main.storyboard */; };
		A950A4071D938A9D00A1BE8C /* Assets.xcassets in Resources */ = {isa = PBXBuildFile; fileRef = A950A4061D938A9D00A1BE8C /* Assets.xcassets */; };
		A950A40A1D938A9D00A1BE8C /* LaunchScreen.storyboard in Resources */ = {isa = PBXBuildFile; fileRef = A950A4081D938A9D00A1BE8C /* LaunchScreen.storyboard */; };
		A950A4381D938AFA00A1BE8C /* ADView.m in Sources */ = {isa = PBXBuildFile; fileRef = A950A4371D938AFA00A1BE8C /* ADView.m */; };
		A950A43B1D9900F900A1BE8C /* ADViewController.m in Sources */ = {isa = PBXBuildFile; fileRef = A950A43A1D9900F900A1BE8C /* ADViewController.m */; };
/* End PBXBuildFile section */

/* Begin PBXFileReference section */
		A950A3F71D938A9D00A1BE8C /* STLaunchAD.app */ = {isa = PBXFileReference; explicitFileType = wrapper.application; includeInIndex = 0; path = STLaunchAD.app; sourceTree = BUILT_PRODUCTS_DIR; };
		A950A3FB1D938A9D00A1BE8C /* main.m */ = {isa = PBXFileReference; lastKnownFileType = sourcecode.c.objc; path = main.m; sourceTree = "<group>"; };
		A950A3FD1D938A9D00A1BE8C /* AppDelegate.h */ = {isa = PBXFileReference; lastKnownFileType = sourcecode.c.h; path = AppDelegate.h; sourceTree = "<group>"; };
		A950A3FE1D938A9D00A1BE8C /* AppDelegate.m */ = {isa = PBXFileReference; lastKnownFileType = sourcecode.c.objc; path = AppDelegate.m; sourceTree = "<group>"; };
		A950A4001D938A9D00A1BE8C /* ViewController.h */ = {isa = PBXFileReference; lastKnownFileType = sourcecode.c.h; path = ViewController.h; sourceTree = "<group>"; };
		A950A4011D938A9D00A1BE8C /* ViewController.m */ = {isa = PBXFileReference; lastKnownFileType = sourcecode.c.objc; path = ViewController.m; sourceTree = "<group>"; };
		A950A4041D938A9D00A1BE8C /* Base */ = {isa = PBXFileReference; lastKnownFileType = file.storyboard; name = Base; path = Base.lproj/Main.storyboard; sourceTree = "<group>"; };
		A950A4061D938A9D00A1BE8C /* Assets.xcassets */ = {isa = PBXFileReference; lastKnownFileType = folder.assetcatalog; path = Assets.xcassets; sourceTree = "<group>"; };
		A950A4091D938A9D00A1BE8C /* Base */ = {isa = PBXFileReference; lastKnownFileType = file.storyboard; name = Base; path = Base.lproj/LaunchScreen.storyboard; sourceTree = "<group>"; };
		A950A40B1D938A9D00A1BE8C /* Info.plist */ = {isa = PBXFileReference; lastKnownFileType = text.plist.xml; path = Info.plist; sourceTree = "<group>"; };
		A950A4361D938AFA00A1BE8C /* ADView.h */ = {isa = PBXFileReference; fileEncoding = 4; lastKnownFileType = sourcecode.c.h; path = ADView.h; sourceTree = "<group>"; };
		A950A4371D938AFA00A1BE8C /* ADView.m */ = {isa = PBXFileReference; fileEncoding = 4; lastKnownFileType = sourcecode.c.objc; path = ADView.m; sourceTree = "<group>"; };
		A950A4391D9900F900A1BE8C /* ADViewController.h */ = {isa = PBXFileReference; fileEncoding = 4; lastKnownFileType = sourcecode.c.h; path = ADViewController.h; sourceTree = "<group>"; };
		A950A43A1D9900F900A1BE8C /* ADViewController.m */ = {isa = PBXFileReference; fileEncoding = 4; lastKnownFileType = sourcecode.c.objc; path = ADViewController.m; sourceTree = "<group>"; };
/* End PBXFileReference section */

/* Begin PBXFrameworksBuildPhase section */
		A950A3F41D938A9D00A1BE8C /* Frameworks */ = {
			isa = PBXFrameworksBuildPhase;
			buildActionMask = 2147483647;
			files = (
			);
			runOnlyForDeploymentPostprocessing = 0;
		};
/* End PBXFrameworksBuildPhase section */

/* Begin PBXGroup section */
		A950A3EE1D938A9D00A1BE8C = {
			isa = PBXGroup;
			children = (
				A950A3F91D938A9D00A1BE8C /* STLaunchAD */,
				A950A3F81D938A9D00A1BE8C /* Products */,
			);
			sourceTree = "<group>";
		};
		A950A3F81D938A9D00A1BE8C /* Products */ = {
			isa = PBXGroup;
			children = (
				A950A3F71D938A9D00A1BE8C /* STLaunchAD.app */,
			);
			name = Products;
			sourceTree = "<group>";
		};
		A950A3F91D938A9D00A1BE8C /* STLaunchAD */ = {
			isa = PBXGroup;
			children = (
				A950A3FD1D938A9D00A1BE8C /* AppDelegate.h */,
				A950A3FE1D938A9D00A1BE8C /* AppDelegate.m */,
				A950A4001D938A9D00A1BE8C /* ViewController.h */,
				A950A4011D938A9D00A1BE8C /* ViewController.m */,
				A950A4031D938A9D00A1BE8C /* Main.storyboard */,
				A950A4361D938AFA00A1BE8C /* ADView.h */,
				A950A4371D938AFA00A1BE8C /* ADView.m */,
				A950A4391D9900F900A1BE8C /* ADViewController.h */,
				A950A43A1D9900F900A1BE8C /* ADViewController.m */,
				A950A4061D938A9D00A1BE8C /* Assets.xcassets */,
				A950A4081D938A9D00A1BE8C /* LaunchScreen.storyboard */,
				A950A40B1D938A9D00A1BE8C /* Info.plist */,
				A950A3FA1D938A9D00A1BE8C /* Supporting Files */,
			);
			path = STLaunchAD;
			sourceTree = "<group>";
		};
		A950A3FA1D938A9D00A1BE8C /* Supporting Files */ = {
			isa = PBXGroup;
			children = (
				A950A3FB1D938A9D00A1BE8C /* main.m */,
			);
			name = "Supporting Files";
			sourceTree = "<group>";
		};
/* End PBXGroup section */

/* Begin PBXNativeTarget section */
		A950A3F61D938A9D00A1BE8C /* STLaunchAD */ = {
			isa = PBXNativeTarget;
			buildConfigurationList = A950A40E1D938A9D00A1BE8C /* Build configuration list for PBXNativeTarget "STLaunchAD" */;
			buildPhases = (
				A950A3F31D938A9D00A1BE8C /* Sources */,
				A950A3F41D938A9D00A1BE8C /* Frameworks */,
				A950A3F51D938A9D00A1BE8C /* Resources */,
			);
			buildRules = (
			);
			dependencies = (
			);
			name = STLaunchAD;
			productName = STLaunchAD;
			productReference = A950A3F71D938A9D00A1BE8C /* STLaunchAD.app */;
			productType = "com.apple.product-type.application";
		};
/* End PBXNativeTarget section */

/* Begin PBXProject section */
		A950A3EF1D938A9D00A1BE8C /* Project object */ = {
			isa = PBXProject;
			attributes = {
				LastUpgradeCheck = 0730;
				ORGANIZATIONNAME = SKYTang;
				TargetAttributes = {
					A950A3F61D938A9D00A1BE8C = {
						CreatedOnToolsVersion = 7.3;
					};
				};
			};
			buildConfigurationList = A950A3F21D938A9D00A1BE8C /* Build configuration list for PBXProject "STLaunchAD" */;
			compatibilityVersion = "Xcode 3.2";
			developmentRegion = English;
			hasScannedForEncodings = 0;
			knownRegions = (
				en,
				Base,
			);
			mainGroup = A950A3EE1D938A9D00A1BE8C;
			productRefGroup = A950A3F81D938A9D00A1BE8C /* Products */;
			projectDirPath = "";
			projectRoot = "";
			targets = (
				A950A3F61D938A9D00A1BE8C /* STLaunchAD */,
			);
		};
/* End PBXProject section */

/* Begin PBXResourcesBuildPhase section */
		A950A3F51D938A9D00A1BE8C /* Resources */ = {
			isa = PBXResourcesBuildPhase;
			buildActionMask = 2147483647;
			files = (
				A950A40A1D938A9D00A1BE8C /* LaunchScreen.storyboard in Resources */,
				A950A4071D938A9D00A1BE8C /* Assets.xcassets in Resources */,
				A950A4051D938A9D00A1BE8C /* Main.storyboard in Resources */,
			);
			runOnlyForDeploymentPostprocessing = 0;
		};
/* End PBXResourcesBuildPhase section */

/* Begin PBXSourcesBuildPhase section */
		A950A3F31D938A9D00A1BE8C /* Sources */ = {
			isa = PBXSourcesBuildPhase;
			buildActionMask = 2147483647;
			files = (
				A950A4021D938A9D00A1BE8C /* ViewController.m in Sources */,
				A950A3FF1D938A9D00A1BE8C /* AppDelegate.m in Sources */,
				A950A3FC1D938A9D00A1BE8C /* main.m in Sources */,
				A950A4381D938AFA00A1BE8C /* ADView.m in Sources */,
				A950A43B1D9900F900A1BE8C /* ADViewController.m in Sources */,
			);
			runOnlyForDeploymentPostprocessing = 0;
		};
/* End PBXSourcesBuildPhase section */

/* Begin PBXVariantGroup section */
		A950A4031D938A9D00A1BE8C /* Main.storyboard */ = {
			isa = PBXVariantGroup;
			children = (
				A950A4041D938A9D00A1BE8C /* Base */,
			);
			name = Main.storyboard;
			sourceTree = "<group>";
		};
		A950A4081D938A9D00A1BE8C /* LaunchScreen.storyboard */ = {
			isa = PBXVariantGroup;
			children = (
				A950A4091D938A9D00A1BE8C /* Base */,
			);
			name = LaunchScreen.storyboard;
			sourceTree = "<group>";
		};
/* End PBXVariantGroup section */

/* Begin XCBuildConfiguration section */
		A950A40C1D938A9D00A1BE8C /* Debug */ = {
			isa = XCBuildConfiguration;
			buildSettings = {
				ALWAYS_SEARCH_USER_PATHS = NO;
				CLANG_ANALYZER_NONNULL = YES;
				CLANG_CXX_LANGUAGE_STANDARD = "gnu++0x";
				CLANG_CXX_LIBRARY = "libc++";
				CLANG_ENABLE_MODULES = YES;
				CLANG_ENABLE_OBJC_ARC = YES;
				CLANG_WARN_BOOL_CONVERSION = YES;
				CLANG_WARN_CONSTANT_CONVERSION = YES;
				CLANG_WARN_DIRECT_OBJC_ISA_USAGE = YES_ERROR;
				CLANG_WARN_EMPTY_BODY = YES;
				CLANG_WARN_ENUM_CONVERSION = YES;
				CLANG_WARN_INT_CONVERSION = YES;
				CLANG_WARN_OBJC_ROOT_CLASS = YES_ERROR;
				CLANG_WARN_UNREACHABLE_CODE = YES;
				CLANG_WARN__DUPLICATE_METHOD_MATCH = YES;
				"CODE_SIGN_IDENTITY[sdk=iphoneos*]" = "iPhone Developer";
				COPY_PHASE_STRIP = NO;
				DEBUG_INFORMATION_FORMAT = dwarf;
				ENABLE_STRICT_OBJC_MSGSEND = YES;
				ENABLE_TESTABILITY = YES;
				GCC_C_LANGUAGE_STANDARD = gnu99;
				GCC_DYNAMIC_NO_PIC = NO;
				GCC_NO_COMMON_BLOCKS = YES;
				GCC_OPTIMIZATION_LEVEL = 0;
				GCC_PREPROCESSOR_DEFINITIONS = (
					"DEBUG=1",
					"$(inherited)",
				);
				GCC_WARN_64_TO_32_BIT_CONVERSION = YES;
				GCC_WARN_ABOUT_RETURN_TYPE = YES_ERROR;
				GCC_WARN_UNDECLARED_SELECTOR = YES;
				GCC_WARN_UNINITIALIZED_AUTOS = YES_AGGRESSIVE;
				GCC_WARN_UNUSED_FUNCTION = YES;
				GCC_WARN_UNUSED_VARIABLE = YES;
				IPHONEOS_DEPLOYMENT_TARGET = 9.3;
				MTL_ENABLE_DEBUG_INFO = YES;
				ONLY_ACTIVE_ARCH = YES;
				SDKROOT = iphoneos;
			};
			name = Debug;
		};
		A950A40D1D938A9D00A1BE8C /* Release */ = {
			isa = XCBuildConfiguration;
			buildSettings = {
				ALWAYS_SEARCH_USER_PATHS = NO;
				CLANG_ANALYZER_NONNULL = YES;
				CLANG_CXX_LANGUAGE_STANDARD = "gnu++0x";
				CLANG_CXX_LIBRARY = "libc++";
				CLANG_ENABLE_MODULES = YES;
				CLANG_ENABLE_OBJC_ARC = YES;
				CLANG_WARN_BOOL_CONVERSION = YES;
				CLANG_WARN_CONSTANT_CONVERSION = YES;
				CLANG_WARN_DIRECT_OBJC_ISA_USAGE = YES_ERROR;
				CLANG_WARN_EMPTY_BODY = YES;
				CLANG_WARN_ENUM_CONVERSION = YES;
				CLANG_WARN_INT_CONVERSION = YES;
				CLANG_WARN_OBJC_ROOT_CLASS = YES_ERROR;
				CLANG_WARN_UNREACHABLE_CODE = YES;
				CLANG_WARN__DUPLICATE_METHOD_MATCH = YES;
				"CODE_SIGN_IDENTITY[sdk=iphoneos*]" = "iPhone Developer";
				COPY_PHASE_STRIP = NO;
				DEBUG_INFORMATION_FORMAT = "dwarf-with-dsym";
				ENABLE_NS_ASSERTIONS = NO;
				ENABLE_STRICT_OBJC_MSGSEND = YES;
				GCC_C_LANGUAGE_STANDARD = gnu99;
				GCC_NO_COMMON_BLOCKS = YES;
				GCC_WARN_64_TO_32_BIT_CONVERSION = YES;
				GCC_WARN_ABOUT_RETURN_TYPE = YES_ERROR;
				GCC_WARN_UNDECLARED_SELECTOR = YES;
				GCC_WARN_UNINITIALIZED_AUTOS = YES_AGGRESSIVE;
				GCC_WARN_UNUSED_FUNCTION = YES;
				GCC_WARN_UNUSED_VARIABLE = YES;
				IPHONEOS_DEPLOYMENT_TARGET = 9.3;
				MTL_ENABLE_DEBUG_INFO = NO;
				SDKROOT = iphoneos;
				VALIDATE_PRODUCT = YES;
			};
			name = Release;
		};
		A950A40F1D938A9D00A1BE8C /* Debug */ = {
			isa = XCBuildConfiguration;
			buildSettings = {
				ASSETCATALOG_COMPILER_APPICON_NAME = AppIcon;
				INFOPLIST_FILE = STLaunchAD/Info.plist;
				LD_RUNPATH_SEARCH_PATHS = "$(inherited) @executable_path/Frameworks";
				PRODUCT_BUNDLE_IDENTIFIER = me.skytang.STLaunchAD;
				PRODUCT_NAME = "$(TARGET_NAME)";
			};
			name = Debug;
		};
		A950A4101D938A9D00A1BE8C /* Release */ = {
			isa = XCBuildConfiguration;
			buildSettings = {
				ASSETCATALOG_COMPILER_APPICON_NAME = AppIcon;
				INFOPLIST_FILE = STLaunchAD/Info.plist;
				LD_RUNPATH_SEARCH_PATHS = "$(inherited) @executable_path/Frameworks";
				PRODUCT_BUNDLE_IDENTIFIER = me.skytang.STLaunchAD;
				PRODUCT_NAME = "$(TARGET_NAME)";
			};
			name = Release;
		};
/* End XCBuildConfiguration section */

/* Begin XCConfigurationList section */
		A950A3F21D938A9D00A1BE8C /* Build configuration list for PBXProject "STLaunchAD" */ = {
			isa = XCConfigurationList;
			buildConfigurations = (
				A950A40C1D938A9D00A1BE8C /* Debug */,
				A950A40D1D938A9D00A1BE8C /* Release */,
			);
			defaultConfigurationIsVisible = 0;
			defaultConfigurationName = Release;
		};
		A950A40E1D938A9D00A1BE8C /* Build configuration list for PBXNativeTarget "STLaunchAD" */ = {
			isa = XCConfigurationList;
			buildConfigurations = (
				A950A40F1D938A9D00A1BE8C /* Debug */,
				A950A4101D938A9D00A1BE8C /* Release */,
			);
			defaultConfigurationIsVisible = 0;
			defaultConfigurationName = Release;
		};
/* End XCConfigurationList section */
	};
	rootObject = A950A3EF1D938A9D00A1BE8C /* Project object */;
}
